
Microsoft Visual Studio Solution File, Format Version 11.00
# Visual Studio 2010
Project("{FAE04EC0-301F-11D3-BF4B-00C04F79EFBC}") = "Gitle.Web", "Gitle.Web\Gitle.Web.csproj", "{C425C16B-133A-4CF3-8E4F-18961501E49F}"
EndProject
Project("{FAE04EC0-301F-11D3-BF4B-00C04F79EFBC}") = "Gitle.Model", "Gitle.Model\Gitle.Model.csproj", "{10247283-4DAB-4008-9E68-FEE82305A6FC}"
EndProject
Project("{FAE04EC0-301F-11D3-BF4B-00C04F79EFBC}") = "Gitle.Repository", "Gitle.Repository\Gitle.Repository.csproj", "{3F11166A-A55D-4F2D-99FE-E3F1736E4409}"
EndProject
Project("{2150E333-8FDC-42A3-9474-1A3956D46DE8}") = ".nuget", ".nuget", "{D95222F1-006A-47A2-A5D6-E77A42C1D2FF}"
	ProjectSection(SolutionItems) = preProject
		.nuget\NuGet.Config = .nuget\NuGet.Config
		.nuget\NuGet.exe = .nuget\NuGet.exe
		.nuget\NuGet.targets = .nuget\NuGet.targets
	EndProjectSection
EndProject
Project("{FAE04EC0-301F-11D3-BF4B-00C04F79EFBC}") = "Gitle.Localization", "Gitle.Localization\Gitle.Localization.csproj", "{369FBFE1-7ACC-4A9E-A632-A1FFD1EF7607}"
EndProject
Project("{FAE04EC0-301F-11D3-BF4B-00C04F79EFBC}") = "Gitle.Clients.GitHub", "Gitle.Clients.GitHub\Gitle.Clients.GitHub.csproj", "{E9C28D89-80BD-4384-BAB4-88911DD8236D}"
EndProject
Project("{FAE04EC0-301F-11D3-BF4B-00C04F79EFBC}") = "Gitle.Clients.Freckle", "Gitle.Clients.Freckle\Gitle.Clients.Freckle.csproj", "{79178042-4CA8-4F5C-ABAB-8F0928854322}"
EndProject
Project("{FAE04EC0-301F-11D3-BF4B-00C04F79EFBC}") = "Gitle.Service", "Gitle.Service\Gitle.Service.csproj", "{83DEC67C-B367-4EB5-873F-AC4BDA8E3281}"
EndProject
Global
	GlobalSection(SolutionConfigurationPlatforms) = preSolution
		Debug|Any CPU = Debug|Any CPU
		Release|Any CPU = Release|Any CPU
	EndGlobalSection
	GlobalSection(ProjectConfigurationPlatforms) = postSolution
		{C425C16B-133A-4CF3-8E4F-18961501E49F}.Debug|Any CPU.ActiveCfg = Debug|Any CPU
		{C425C16B-133A-4CF3-8E4F-18961501E49F}.Debug|Any CPU.Build.0 = Debug|Any CPU
		{C425C16B-133A-4CF3-8E4F-18961501E49F}.Release|Any CPU.ActiveCfg = Release|Any CPU
		{C425C16B-133A-4CF3-8E4F-18961501E49F}.Release|Any CPU.Build.0 = Release|Any CPU
		{10247283-4DAB-4008-9E68-FEE82305A6FC}.Debug|Any CPU.ActiveCfg = Debug|Any CPU
		{10247283-4DAB-4008-9E68-FEE82305A6FC}.Debug|Any CPU.Build.0 = Debug|Any CPU
		{10247283-4DAB-4008-9E68-FEE82305A6FC}.Release|Any CPU.ActiveCfg = Release|Any CPU
		{10247283-4DAB-4008-9E68-FEE82305A6FC}.Release|Any CPU.Build.0 = Release|Any CPU
		{3F11166A-A55D-4F2D-99FE-E3F1736E4409}.Debug|Any CPU.ActiveCfg = Debug|Any CPU
		{3F11166A-A55D-4F2D-99FE-E3F1736E4409}.Debug|Any CPU.Build.0 = Debug|Any CPU
		{3F11166A-A55D-4F2D-99FE-E3F1736E4409}.Release|Any CPU.ActiveCfg = Release|Any CPU
		{3F11166A-A55D-4F2D-99FE-E3F1736E4409}.Release|Any CPU.Build.0 = Release|Any CPU
		{369FBFE1-7ACC-4A9E-A632-A1FFD1EF7607}.Debug|Any CPU.ActiveCfg = Debug|Any CPU
		{369FBFE1-7ACC-4A9E-A632-A1FFD1EF7607}.Debug|Any CPU.Build.0 = Debug|Any CPU
		{369FBFE1-7ACC-4A9E-A632-A1FFD1EF7607}.Release|Any CPU.ActiveCfg = Release|Any CPU
		{369FBFE1-7ACC-4A9E-A632-A1FFD1EF7607}.Release|Any CPU.Build.0 = Release|Any CPU
		{E9C28D89-80BD-4384-BAB4-88911DD8236D}.Debug|Any CPU.ActiveCfg = Debug|Any CPU
		{E9C28D89-80BD-4384-BAB4-88911DD8236D}.Debug|Any CPU.Build.0 = Debug|Any CPU
		{E9C28D89-80BD-4384-BAB4-88911DD8236D}.Release|Any CPU.ActiveCfg = Release|Any CPU
		{E9C28D89-80BD-4384-BAB4-88911DD8236D}.Release|Any CPU.Build.0 = Release|Any CPU
		{79178042-4CA8-4F5C-ABAB-8F0928854322}.Debug|Any CPU.ActiveCfg = Debug|Any CPU
		{79178042-4CA8-4F5C-ABAB-8F0928854322}.Debug|Any CPU.Build.0 = Debug|Any CPU
		{79178042-4CA8-4F5C-ABAB-8F0928854322}.Release|Any CPU.ActiveCfg = Release|Any CPU
		{79178042-4CA8-4F5C-ABAB-8F0928854322}.Release|Any CPU.Build.0 = Release|Any CPU
		{83DEC67C-B367-4EB5-873F-AC4BDA8E3281}.Debug|Any CPU.ActiveCfg = Debug|Any CPU
		{83DEC67C-B367-4EB5-873F-AC4BDA8E3281}.Debug|Any CPU.Build.0 = Debug|Any CPU
		{83DEC67C-B367-4EB5-873F-AC4BDA8E3281}.Release|Any CPU.ActiveCfg = Release|Any CPU
		{83DEC67C-B367-4EB5-873F-AC4BDA8E3281}.Release|Any CPU.Build.0 = Release|Any CPU
	EndGlobalSection
	GlobalSection(SolutionProperties) = preSolution
		HideSolutionNode = FALSE
	EndGlobalSection
EndGlobal
